
Microsoft Visual Studio Solution File, Format Version 12.00
# Visual Studio Version 16
VisualStudioVersion = 16.0.29009.5
MinimumVisualStudioVersion = 10.0.40219.1
Project("{FAE04EC0-301F-11D3-BF4B-00C04F79EFBC}") = "SocketsPrototype.UWP", "SocketsPrototype\SocketsPrototype.UWP\SocketsPrototype.UWP.csproj", "{2232B7D0-C782-437A-99AE-6EE6C2CCEB26}"
EndProject
Project("{FAE04EC0-301F-11D3-BF4B-00C04F79EFBC}") = "SocketsPrototype.Android", "SocketsPrototype\SocketsPrototype.Android\SocketsPrototype.Android.csproj", "{16EE365E-080B-45F6-8DF7-B11D452F44C6}"
EndProject
Project("{FAE04EC0-301F-11D3-BF4B-00C04F79EFBC}") = "SocketsPrototype.iOS", "SocketsPrototype\SocketsPrototype.iOS\SocketsPrototype.iOS.csproj", "{E6F6C2A9-1329-47E0-84AA-3264D1386AAC}"
EndProject
Project("{9A19103F-16F7-4668-BE54-9A1E7A4F7556}") = "SocketsPrototype", "SocketsPrototype\SocketsPrototype\SocketsPrototype.csproj", "{B91407EA-A290-4FF0-B110-51DBFE3BB591}"
	ProjectSection(ProjectDependencies) = postProject
		{2B67F0DE-98E7-4B95-9645-A144A6A535E4} = {2B67F0DE-98E7-4B95-9645-A144A6A535E4}
	EndProjectSection
EndProject
Project("{9A19103F-16F7-4668-BE54-9A1E7A4F7556}") = "SocketsPrototype.Models", "SocketsPrototype.Models\SocketsPrototype.Models.csproj", "{642B0BE5-2718-46C1-B3B0-EDABC23AC9F7}"
EndProject
Project("{9A19103F-16F7-4668-BE54-9A1E7A4F7556}") = "SocketsPrototype.Services", "SocketsPrototype.Services\SocketsPrototype.Services.csproj", "{2B67F0DE-98E7-4B95-9645-A144A6A535E4}"
	ProjectSection(ProjectDependencies) = postProject
		{642B0BE5-2718-46C1-B3B0-EDABC23AC9F7} = {642B0BE5-2718-46C1-B3B0-EDABC23AC9F7}
	EndProjectSection
EndProject
Global
	GlobalSection(SolutionConfigurationPlatforms) = preSolution
		Debug|Any CPU = Debug|Any CPU
		Debug|ARM = Debug|ARM
		Debug|iPhone = Debug|iPhone
		Debug|iPhoneSimulator = Debug|iPhoneSimulator
		Debug|x64 = Debug|x64
		Debug|x86 = Debug|x86
		Release|Any CPU = Release|Any CPU
		Release|ARM = Release|ARM
		Release|iPhone = Release|iPhone
		Release|iPhoneSimulator = Release|iPhoneSimulator
		Release|x64 = Release|x64
		Release|x86 = Release|x86
	EndGlobalSection
	GlobalSection(ProjectConfigurationPlatforms) = postSolution
		{2232B7D0-C782-437A-99AE-6EE6C2CCEB26}.Debug|Any CPU.ActiveCfg = Debug|x86
		{2232B7D0-C782-437A-99AE-6EE6C2CCEB26}.Debug|Any CPU.Build.0 = Debug|x86
		{2232B7D0-C782-437A-99AE-6EE6C2CCEB26}.Debug|Any CPU.Deploy.0 = Debug|x86
		{2232B7D0-C782-437A-99AE-6EE6C2CCEB26}.Debug|ARM.ActiveCfg = Debug|ARM
		{2232B7D0-C782-437A-99AE-6EE6C2CCEB26}.Debug|ARM.Build.0 = Debug|ARM
		{2232B7D0-C782-437A-99AE-6EE6C2CCEB26}.Debug|ARM.Deploy.0 = Debug|ARM
		{2232B7D0-C782-437A-99AE-6EE6C2CCEB26}.Debug|iPhone.ActiveCfg = Debug|x86
		{2232B7D0-C782-437A-99AE-6EE6C2CCEB26}.Debug|iPhone.Build.0 = Debug|x86
		{2232B7D0-C782-437A-99AE-6EE6C2CCEB26}.Debug|iPhone.Deploy.0 = Debug|x86
		{2232B7D0-C782-437A-99AE-6EE6C2CCEB26}.Debug|iPhoneSimulator.ActiveCfg = Debug|x86
		{2232B7D0-C782-437A-99AE-6EE6C2CCEB26}.Debug|iPhoneSimulator.Build.0 = Debug|x86
		{2232B7D0-C782-437A-99AE-6EE6C2CCEB26}.Debug|iPhoneSimulator.Deploy.0 = Debug|x86
		{2232B7D0-C782-437A-99AE-6EE6C2CCEB26}.Debug|x64.ActiveCfg = Debug|x64
		{2232B7D0-C782-437A-99AE-6EE6C2CCEB26}.Debug|x64.Build.0 = Debug|x64
		{2232B7D0-C782-437A-99AE-6EE6C2CCEB26}.Debug|x64.Deploy.0 = Debug|x64
		{2232B7D0-C782-437A-99AE-6EE6C2CCEB26}.Debug|x86.ActiveCfg = Debug|x86
		{2232B7D0-C782-437A-99AE-6EE6C2CCEB26}.Debug|x86.Build.0 = Debug|x86
		{2232B7D0-C782-437A-99AE-6EE6C2CCEB26}.Debug|x86.Deploy.0 = Debug|x86
		{2232B7D0-C782-437A-99AE-6EE6C2CCEB26}.Release|Any CPU.ActiveCfg = Release|x86
		{2232B7D0-C782-437A-99AE-6EE6C2CCEB26}.Release|Any CPU.Build.0 = Release|x86
		{2232B7D0-C782-437A-99AE-6EE6C2CCEB26}.Release|Any CPU.Deploy.0 = Release|x86
		{2232B7D0-C782-437A-99AE-6EE6C2CCEB26}.Release|ARM.ActiveCfg = Release|ARM
		{2232B7D0-C782-437A-99AE-6EE6C2CCEB26}.Release|ARM.Build.0 = Release|ARM
		{2232B7D0-C782-437A-99AE-6EE6C2CCEB26}.Release|ARM.Deploy.0 = Release|ARM
		{2232B7D0-C782-437A-99AE-6EE6C2CCEB26}.Release|iPhone.ActiveCfg = Release|x86
		{2232B7D0-C782-437A-99AE-6EE6C2CCEB26}.Release|iPhone.Build.0 = Release|x86
		{2232B7D0-C782-437A-99AE-6EE6C2CCEB26}.Release|iPhone.Deploy.0 = Release|x86
		{2232B7D0-C782-437A-99AE-6EE6C2CCEB26}.Release|iPhoneSimulator.ActiveCfg = Release|x86
		{2232B7D0-C782-437A-99AE-6EE6C2CCEB26}.Release|iPhoneSimulator.Build.0 = Release|x86
		{2232B7D0-C782-437A-99AE-6EE6C2CCEB26}.Release|iPhoneSimulator.Deploy.0 = Release|x86
		{2232B7D0-C782-437A-99AE-6EE6C2CCEB26}.Release|x64.ActiveCfg = Release|x64
		{2232B7D0-C782-437A-99AE-6EE6C2CCEB26}.Release|x64.Build.0 = Release|x64
		{2232B7D0-C782-437A-99AE-6EE6C2CCEB26}.Release|x64.Deploy.0 = Release|x64
		{2232B7D0-C782-437A-99AE-6EE6C2CCEB26}.Release|x86.ActiveCfg = Release|x86
		{2232B7D0-C782-437A-99AE-6EE6C2CCEB26}.Release|x86.Build.0 = Release|x86
		{2232B7D0-C782-437A-99AE-6EE6C2CCEB26}.Release|x86.Deploy.0 = Release|x86
		{16EE365E-080B-45F6-8DF7-B11D452F44C6}.Debug|Any CPU.ActiveCfg = Debug|Any CPU
		{16EE365E-080B-45F6-8DF7-B11D452F44C6}.Debug|Any CPU.Build.0 = Debug|Any CPU
		{16EE365E-080B-45F6-8DF7-B11D452F44C6}.Debug|Any CPU.Deploy.0 = Debug|Any CPU
		{16EE365E-080B-45F6-8DF7-B11D452F44C6}.Debug|ARM.ActiveCfg = Debug|Any CPU
		{16EE365E-080B-45F6-8DF7-B11D452F44C6}.Debug|ARM.Build.0 = Debug|Any CPU
		{16EE365E-080B-45F6-8DF7-B11D452F44C6}.Debug|ARM.Deploy.0 = Debug|Any CPU
		{16EE365E-080B-45F6-8DF7-B11D452F44C6}.Debug|iPhone.ActiveCfg = Debug|Any CPU
		{16EE365E-080B-45F6-8DF7-B11D452F44C6}.Debug|iPhone.Build.0 = Debug|Any CPU
		{16EE365E-080B-45F6-8DF7-B11D452F44C6}.Debug|iPhone.Deploy.0 = Debug|Any CPU
		{16EE365E-080B-45F6-8DF7-B11D452F44C6}.Debug|iPhoneSimulator.ActiveCfg = Debug|Any CPU
		{16EE365E-080B-45F6-8DF7-B11D452F44C6}.Debug|iPhoneSimulator.Build.0 = Debug|Any CPU
		{16EE365E-080B-45F6-8DF7-B11D452F44C6}.Debug|iPhoneSimulator.Deploy.0 = Debug|Any CPU
		{16EE365E-080B-45F6-8DF7-B11D452F44C6}.Debug|x64.ActiveCfg = Debug|Any CPU
		{16EE365E-080B-45F6-8DF7-B11D452F44C6}.Debug|x64.Build.0 = Debug|Any CPU
		{16EE365E-080B-45F6-8DF7-B11D452F44C6}.Debug|x64.Deploy.0 = Debug|Any CPU
		{16EE365E-080B-45F6-8DF7-B11D452F44C6}.Debug|x86.ActiveCfg = Debug|Any CPU
		{16EE365E-080B-45F6-8DF7-B11D452F44C6}.Debug|x86.Build.0 = Debug|Any CPU
		{16EE365E-080B-45F6-8DF7-B11D452F44C6}.Debug|x86.Deploy.0 = Debug|Any CPU
		{16EE365E-080B-45F6-8DF7-B11D452F44C6}.Release|Any CPU.ActiveCfg = Release|Any CPU
		{16EE365E-080B-45F6-8DF7-B11D452F44C6}.Release|Any CPU.Build.0 = Release|Any CPU
		{16EE365E-080B-45F6-8DF7-B11D452F44C6}.Release|Any CPU.Deploy.0 = Release|Any CPU
		{16EE365E-080B-45F6-8DF7-B11D452F44C6}.Release|ARM.ActiveCfg = Release|Any CPU
		{16EE365E-080B-45F6-8DF7-B11D452F44C6}.Release|ARM.Build.0 = Release|Any CPU
		{16EE365E-080B-45F6-8DF7-B11D452F44C6}.Release|ARM.Deploy.0 = Release|Any CPU
		{16EE365E-080B-45F6-8DF7-B11D452F44C6}.Release|iPhone.ActiveCfg = Release|Any CPU
		{16EE365E-080B-45F6-8DF7-B11D452F44C6}.Release|iPhone.Build.0 = Release|Any CPU
		{16EE365E-080B-45F6-8DF7-B11D452F44C6}.Release|iPhone.Deploy.0 = Release|Any CPU
		{16EE365E-080B-45F6-8DF7-B11D452F44C6}.Release|iPhoneSimulator.ActiveCfg = Release|Any CPU
		{16EE365E-080B-45F6-8DF7-B11D452F44C6}.Release|iPhoneSimulator.Build.0 = Release|Any CPU
		{16EE365E-080B-45F6-8DF7-B11D452F44C6}.Release|iPhoneSimulator.Deploy.0 = Release|Any CPU
		{16EE365E-080B-45F6-8DF7-B11D452F44C6}.Release|x64.ActiveCfg = Release|Any CPU
		{16EE365E-080B-45F6-8DF7-B11D452F44C6}.Release|x64.Build.0 = Release|Any CPU
		{16EE365E-080B-45F6-8DF7-B11D452F44C6}.Release|x64.Deploy.0 = Release|Any CPU
		{16EE365E-080B-45F6-8DF7-B11D452F44C6}.Release|x86.ActiveCfg = Release|Any CPU
		{16EE365E-080B-45F6-8DF7-B11D452F44C6}.Release|x86.Build.0 = Release|Any CPU
		{16EE365E-080B-45F6-8DF7-B11D452F44C6}.Release|x86.Deploy.0 = Release|Any CPU
		{E6F6C2A9-1329-47E0-84AA-3264D1386AAC}.Debug|Any CPU.ActiveCfg = Debug|iPhone
		{E6F6C2A9-1329-47E0-84AA-3264D1386AAC}.Debug|Any CPU.Build.0 = Debug|iPhone
		{E6F6C2A9-1329-47E0-84AA-3264D1386AAC}.Debug|Any CPU.Deploy.0 = Debug|iPhone
		{E6F6C2A9-1329-47E0-84AA-3264D1386AAC}.Debug|ARM.ActiveCfg = Debug|iPhoneSimulator
		{E6F6C2A9-1329-47E0-84AA-3264D1386AAC}.Debug|ARM.Build.0 = Debug|iPhoneSimulator
		{E6F6C2A9-1329-47E0-84AA-3264D1386AAC}.Debug|ARM.Deploy.0 = Debug|iPhoneSimulator
		{E6F6C2A9-1329-47E0-84AA-3264D1386AAC}.Debug|iPhone.ActiveCfg = Debug|iPhone
		{E6F6C2A9-1329-47E0-84AA-3264D1386AAC}.Debug|iPhone.Build.0 = Debug|iPhone
		{E6F6C2A9-1329-47E0-84AA-3264D1386AAC}.Debug|iPhone.Deploy.0 = Debug|iPhone
		{E6F6C2A9-1329-47E0-84AA-3264D1386AAC}.Debug|iPhoneSimulator.ActiveCfg = Debug|iPhoneSimulator
		{E6F6C2A9-1329-47E0-84AA-3264D1386AAC}.Debug|iPhoneSimulator.Build.0 = Debug|iPhoneSimulator
		{E6F6C2A9-1329-47E0-84AA-3264D1386AAC}.Debug|iPhoneSimulator.Deploy.0 = Debug|iPhoneSimulator
		{E6F6C2A9-1329-47E0-84AA-3264D1386AAC}.Debug|x64.ActiveCfg = Debug|iPhone
		{E6F6C2A9-1329-47E0-84AA-3264D1386AAC}.Debug|x64.Build.0 = Debug|iPhone
		{E6F6C2A9-1329-47E0-84AA-3264D1386AAC}.Debug|x64.Deploy.0 = Debug|iPhone
		{E6F6C2A9-1329-47E0-84AA-3264D1386AAC}.Debug|x86.ActiveCfg = Debug|iPhone
		{E6F6C2A9-1329-47E0-84AA-3264D1386AAC}.Debug|x86.Build.0 = Debug|iPhone
		{E6F6C2A9-1329-47E0-84AA-3264D1386AAC}.Debug|x86.Deploy.0 = Debug|iPhone
		{E6F6C2A9-1329-47E0-84AA-3264D1386AAC}.Release|Any CPU.ActiveCfg = Release|iPhone
		{E6F6C2A9-1329-47E0-84AA-3264D1386AAC}.Release|Any CPU.Build.0 = Release|iPhone
		{E6F6C2A9-1329-47E0-84AA-3264D1386AAC}.Release|Any CPU.Deploy.0 = Release|iPhone
		{E6F6C2A9-1329-47E0-84AA-3264D1386AAC}.Release|ARM.ActiveCfg = Release|iPhone
		{E6F6C2A9-1329-47E0-84AA-3264D1386AAC}.Release|ARM.Build.0 = Release|iPhone
		{E6F6C2A9-1329-47E0-84AA-3264D1386AAC}.Release|ARM.Deploy.0 = Release|iPhone
		{E6F6C2A9-1329-47E0-84AA-3264D1386AAC}.Release|iPhone.ActiveCfg = Release|iPhone
		{E6F6C2A9-1329-47E0-84AA-3264D1386AAC}.Release|iPhone.Build.0 = Release|iPhone
		{E6F6C2A9-1329-47E0-84AA-3264D1386AAC}.Release|iPhone.Deploy.0 = Release|iPhone
		{E6F6C2A9-1329-47E0-84AA-3264D1386AAC}.Release|iPhoneSimulator.ActiveCfg = Release|iPhoneSimulator
		{E6F6C2A9-1329-47E0-84AA-3264D1386AAC}.Release|iPhoneSimulator.Build.0 = Release|iPhoneSimulator
		{E6F6C2A9-1329-47E0-84AA-3264D1386AAC}.Release|iPhoneSimulator.Deploy.0 = Release|iPhoneSimulator
		{E6F6C2A9-1329-47E0-84AA-3264D1386AAC}.Release|x64.ActiveCfg = Release|iPhone
		{E6F6C2A9-1329-47E0-84AA-3264D1386AAC}.Release|x64.Build.0 = Release|iPhone
		{E6F6C2A9-1329-47E0-84AA-3264D1386AAC}.Release|x64.Deploy.0 = Release|iPhone
		{E6F6C2A9-1329-47E0-84AA-3264D1386AAC}.Release|x86.ActiveCfg = Release|iPhone
		{E6F6C2A9-1329-47E0-84AA-3264D1386AAC}.Release|x86.Build.0 = Release|iPhone
		{E6F6C2A9-1329-47E0-84AA-3264D1386AAC}.Release|x86.Deploy.0 = Release|iPhone
		{B91407EA-A290-4FF0-B110-51DBFE3BB591}.Debug|Any CPU.ActiveCfg = Debug|Any CPU
		{B91407EA-A290-4FF0-B110-51DBFE3BB591}.Debug|Any CPU.Build.0 = Debug|Any CPU
		{B91407EA-A290-4FF0-B110-51DBFE3BB591}.Debug|Any CPU.Deploy.0 = Debug|Any CPU
		{B91407EA-A290-4FF0-B110-51DBFE3BB591}.Debug|ARM.ActiveCfg = Debug|Any CPU
		{B91407EA-A290-4FF0-B110-51DBFE3BB591}.Debug|ARM.Build.0 = Debug|Any CPU
		{B91407EA-A290-4FF0-B110-51DBFE3BB591}.Debug|ARM.Deploy.0 = Debug|Any CPU
		{B91407EA-A290-4FF0-B110-51DBFE3BB591}.Debug|iPhone.ActiveCfg = Debug|Any CPU
		{B91407EA-A290-4FF0-B110-51DBFE3BB591}.Debug|iPhone.Build.0 = Debug|Any CPU
		{B91407EA-A290-4FF0-B110-51DBFE3BB591}.Debug|iPhone.Deploy.0 = Debug|Any CPU
		{B91407EA-A290-4FF0-B110-51DBFE3BB591}.Debug|iPhoneSimulator.ActiveCfg = Debug|Any CPU
		{B91407EA-A290-4FF0-B110-51DBFE3BB591}.Debug|iPhoneSimulator.Build.0 = Debug|Any CPU
		{B91407EA-A290-4FF0-B110-51DBFE3BB591}.Debug|iPhoneSimulator.Deploy.0 = Debug|Any CPU
		{B91407EA-A290-4FF0-B110-51DBFE3BB591}.Debug|x64.ActiveCfg = Debug|Any CPU
		{B91407EA-A290-4FF0-B110-51DBFE3BB591}.Debug|x64.Build.0 = Debug|Any CPU
		{B91407EA-A290-4FF0-B110-51DBFE3BB591}.Debug|x64.Deploy.0 = Debug|Any CPU
		{B91407EA-A290-4FF0-B110-51DBFE3BB591}.Debug|x86.ActiveCfg = Debug|Any CPU
		{B91407EA-A290-4FF0-B110-51DBFE3BB591}.Debug|x86.Build.0 = Debug|Any CPU
		{B91407EA-A290-4FF0-B110-51DBFE3BB591}.Debug|x86.Deploy.0 = Debug|Any CPU
		{B91407EA-A290-4FF0-B110-51DBFE3BB591}.Release|Any CPU.ActiveCfg = Release|Any CPU
		{B91407EA-A290-4FF0-B110-51DBFE3BB591}.Release|Any CPU.Build.0 = Release|Any CPU
		{B91407EA-A290-4FF0-B110-51DBFE3BB591}.Release|Any CPU.Deploy.0 = Release|Any CPU
		{B91407EA-A290-4FF0-B110-51DBFE3BB591}.Release|ARM.ActiveCfg = Release|Any CPU
		{B91407EA-A290-4FF0-B110-51DBFE3BB591}.Release|ARM.Build.0 = Release|Any CPU
		{B91407EA-A290-4FF0-B110-51DBFE3BB591}.Release|ARM.Deploy.0 = Release|Any CPU
		{B91407EA-A290-4FF0-B110-51DBFE3BB591}.Release|iPhone.ActiveCfg = Release|Any CPU
		{B91407EA-A290-4FF0-B110-51DBFE3BB591}.Release|iPhone.Build.0 = Release|Any CPU
		{B91407EA-A290-4FF0-B110-51DBFE3BB591}.Release|iPhone.Deploy.0 = Release|Any CPU
		{B91407EA-A290-4FF0-B110-51DBFE3BB591}.Release|iPhoneSimulator.ActiveCfg = Release|Any CPU
		{B91407EA-A290-4FF0-B110-51DBFE3BB591}.Release|iPhoneSimulator.Build.0 = Release|Any CPU
		{B91407EA-A290-4FF0-B110-51DBFE3BB591}.Release|iPhoneSimulator.Deploy.0 = Release|Any CPU
		{B91407EA-A290-4FF0-B110-51DBFE3BB591}.Release|x64.ActiveCfg = Release|Any CPU
		{B91407EA-A290-4FF0-B110-51DBFE3BB591}.Release|x64.Build.0 = Release|Any CPU
		{B91407EA-A290-4FF0-B110-51DBFE3BB591}.Release|x64.Deploy.0 = Release|Any CPU
		{B91407EA-A290-4FF0-B110-51DBFE3BB591}.Release|x86.ActiveCfg = Release|Any CPU
		{B91407EA-A290-4FF0-B110-51DBFE3BB591}.Release|x86.Build.0 = Release|Any CPU
		{B91407EA-A290-4FF0-B110-51DBFE3BB591}.Release|x86.Deploy.0 = Release|Any CPU
		{642B0BE5-2718-46C1-B3B0-EDABC23AC9F7}.Debug|Any CPU.ActiveCfg = Debug|Any CPU
		{642B0BE5-2718-46C1-B3B0-EDABC23AC9F7}.Debug|Any CPU.Build.0 = Debug|Any CPU
		{642B0BE5-2718-46C1-B3B0-EDABC23AC9F7}.Debug|ARM.ActiveCfg = Debug|Any CPU
		{642B0BE5-2718-46C1-B3B0-EDABC23AC9F7}.Debug|ARM.Build.0 = Debug|Any CPU
		{642B0BE5-2718-46C1-B3B0-EDABC23AC9F7}.Debug|iPhone.ActiveCfg = Debug|Any CPU
		{642B0BE5-2718-46C1-B3B0-EDABC23AC9F7}.Debug|iPhone.Build.0 = Debug|Any CPU
		{642B0BE5-2718-46C1-B3B0-EDABC23AC9F7}.Debug|iPhoneSimulator.ActiveCfg = Debug|Any CPU
		{642B0BE5-2718-46C1-B3B0-EDABC23AC9F7}.Debug|iPhoneSimulator.Build.0 = Debug|Any CPU
		{642B0BE5-2718-46C1-B3B0-EDABC23AC9F7}.Debug|x64.ActiveCfg = Debug|Any CPU
		{642B0BE5-2718-46C1-B3B0-EDABC23AC9F7}.Debug|x64.Build.0 = Debug|Any CPU
		{642B0BE5-2718-46C1-B3B0-EDABC23AC9F7}.Debug|x86.ActiveCfg = Debug|Any CPU
		{642B0BE5-2718-46C1-B3B0-EDABC23AC9F7}.Debug|x86.Build.0 = Debug|Any CPU
		{642B0BE5-2718-46C1-B3B0-EDABC23AC9F7}.Release|Any CPU.ActiveCfg = Release|Any CPU
		{642B0BE5-2718-46C1-B3B0-EDABC23AC9F7}.Release|Any CPU.Build.0 = Release|Any CPU
		{642B0BE5-2718-46C1-B3B0-EDABC23AC9F7}.Release|ARM.ActiveCfg = Release|Any CPU
		{642B0BE5-2718-46C1-B3B0-EDABC23AC9F7}.Release|ARM.Build.0 = Release|Any CPU
		{642B0BE5-2718-46C1-B3B0-EDABC23AC9F7}.Release|iPhone.ActiveCfg = Release|Any CPU
		{642B0BE5-2718-46C1-B3B0-EDABC23AC9F7}.Release|iPhone.Build.0 = Release|Any CPU
		{642B0BE5-2718-46C1-B3B0-EDABC23AC9F7}.Release|iPhoneSimulator.ActiveCfg = Release|Any CPU
		{642B0BE5-2718-46C1-B3B0-EDABC23AC9F7}.Release|iPhoneSimulator.Build.0 = Release|Any CPU
		{642B0BE5-2718-46C1-B3B0-EDABC23AC9F7}.Release|x64.ActiveCfg = Release|Any CPU
		{642B0BE5-2718-46C1-B3B0-EDABC23AC9F7}.Release|x64.Build.0 = Release|Any CPU
		{642B0BE5-2718-46C1-B3B0-EDABC23AC9F7}.Release|x86.ActiveCfg = Release|Any CPU
		{642B0BE5-2718-46C1-B3B0-EDABC23AC9F7}.Release|x86.Build.0 = Release|Any CPU
		{2B67F0DE-98E7-4B95-9645-A144A6A535E4}.Debug|Any CPU.ActiveCfg = Debug|Any CPU
		{2B67F0DE-98E7-4B95-9645-A144A6A535E4}.Debug|Any CPU.Build.0 = Debug|Any CPU
		{2B67F0DE-98E7-4B95-9645-A144A6A535E4}.Debug|ARM.ActiveCfg = Debug|Any CPU
		{2B67F0DE-98E7-4B95-9645-A144A6A535E4}.Debug|ARM.Build.0 = Debug|Any CPU
		{2B67F0DE-98E7-4B95-9645-A144A6A535E4}.Debug|iPhone.ActiveCfg = Debug|Any CPU
		{2B67F0DE-98E7-4B95-9645-A144A6A535E4}.Debug|iPhone.Build.0 = Debug|Any CPU
		{2B67F0DE-98E7-4B95-9645-A144A6A535E4}.Debug|iPhoneSimulator.ActiveCfg = Debug|Any CPU
		{2B67F0DE-98E7-4B95-9645-A144A6A535E4}.Debug|iPhoneSimulator.Build.0 = Debug|Any CPU
		{2B67F0DE-98E7-4B95-9645-A144A6A535E4}.Debug|x64.ActiveCfg = Debug|Any CPU
		{2B67F0DE-98E7-4B95-9645-A144A6A535E4}.Debug|x64.Build.0 = Debug|Any CPU
		{2B67F0DE-98E7-4B95-9645-A144A6A535E4}.Debug|x86.ActiveCfg = Debug|Any CPU
		{2B67F0DE-98E7-4B95-9645-A144A6A535E4}.Debug|x86.Build.0 = Debug|Any CPU
		{2B67F0DE-98E7-4B95-9645-A144A6A535E4}.Release|Any CPU.ActiveCfg = Release|Any CPU
		{2B67F0DE-98E7-4B95-9645-A144A6A535E4}.Release|Any CPU.Build.0 = Release|Any CPU
		{2B67F0DE-98E7-4B95-9645-A144A6A535E4}.Release|ARM.ActiveCfg = Release|Any CPU
		{2B67F0DE-98E7-4B95-9645-A144A6A535E4}.Release|ARM.Build.0 = Release|Any CPU
		{2B67F0DE-98E7-4B95-9645-A144A6A535E4}.Release|iPhone.ActiveCfg = Release|Any CPU
		{2B67F0DE-98E7-4B95-9645-A144A6A535E4}.Release|iPhone.Build.0 = Release|Any CPU
		{2B67F0DE-98E7-4B95-9645-A144A6A535E4}.Release|iPhoneSimulator.ActiveCfg = Release|Any CPU
		{2B67F0DE-98E7-4B95-9645-A144A6A535E4}.Release|iPhoneSimulator.Build.0 = Release|Any CPU
		{2B67F0DE-98E7-4B95-9645-A144A6A535E4}.Release|x64.ActiveCfg = Release|Any CPU
		{2B67F0DE-98E7-4B95-9645-A144A6A535E4}.Release|x64.Build.0 = Release|Any CPU
		{2B67F0DE-98E7-4B95-9645-A144A6A535E4}.Release|x86.ActiveCfg = Release|Any CPU
		{2B67F0DE-98E7-4B95-9645-A144A6A535E4}.Release|x86.Build.0 = Release|Any CPU
	EndGlobalSection
	GlobalSection(SolutionProperties) = preSolution
		HideSolutionNode = FALSE
	EndGlobalSection
	GlobalSection(ExtensibilityGlobals) = postSolution
		SolutionGuid = {65972F83-7A11-449D-A18C-BF5921FBE99A}
	EndGlobalSection
EndGlobal
